Microsoft Visual Studio Solution File, Format Version 12.00
# Visual Studio Version 16
VisualStudioVersion = 16.0.28922.388
MinimumVisualStudioVersion = 10.0.40219.1
Project("{8BC9CEB8-8B4A-11D0-8D11-00A0C91BC942}") = "ALL_BUILD", "ALL_BUILD.vcxproj", "{E6C3FF0A-B39E-3D38-A718-D638CC0CAEEE}"
	ProjectSection(ProjectDependencies) = postProject
		{DFC1F0B0-A588-3F9B-9CAD-11938C1F32AC} = {DFC1F0B0-A588-3F9B-9CAD-11938C1F32AC}
		{FB3CB569-9342-31EE-A902-DEEA05F1B7D5} = {FB3CB569-9342-31EE-A902-DEEA05F1B7D5}
		{A176657F-0AA3-398F-8CF1-46712FD79F2B} = {A176657F-0AA3-398F-8CF1-46712FD79F2B}
		{71D26AC8-A3F9-325F-A3B8-3AF09DCFE994} = {71D26AC8-A3F9-325F-A3B8-3AF09DCFE994}
		{E5C90FD6-9338-3971-BDBE-8C0DD7E28A01} = {E5C90FD6-9338-3971-BDBE-8C0DD7E28A01}
		{2956FD8C-FBAD-3A7D-A1AA-EA1C660A129A} = {2956FD8C-FBAD-3A7D-A1AA-EA1C660A129A}
		{E2EDCFD5-C98B-3EFE-9EDF-9B69F8F1379A} = {E2EDCFD5-C98B-3EFE-9EDF-9B69F8F1379A}
		{42513BC6-0B70-3C14-B3C5-4BC7E1BC0650} = {42513BC6-0B70-3C14-B3C5-4BC7E1BC0650}
		{4362448C-BE8F-36A3-9B0E-50611BD41CF1} = {4362448C-BE8F-36A3-9B0E-50611BD41CF1}
		{5E524D44-C5BF-336D-B812-E13DBC6B94B6} = {5E524D44-C5BF-336D-B812-E13DBC6B94B6}
		{1C9DD759-1582-3F76-91A7-E2E93ED3EDA7} = {1C9DD759-1582-3F76-91A7-E2E93ED3EDA7}
		{F998D6CB-C9D6-3B52-85BF-503E8965DD7E} = {F998D6CB-C9D6-3B52-85BF-503E8965DD7E}
		{922B451B-BAFA-3F9B-803B-54138CE39381} = {922B451B-BAFA-3F9B-803B-54138CE39381}
		{D6297D20-59AF-3E27-83CC-DE1EA62B27CE} = {D6297D20-59AF-3E27-83CC-DE1EA62B27CE}
		{04AA7FE2-B767-3EE0-9607-97CE5A999562} = {04AA7FE2-B767-3EE0-9607-97CE5A999562}
		{8EF7FEFB-B31C-3709-B1A3-1FCAB22D3D51} = {8EF7FEFB-B31C-3709-B1A3-1FCAB22D3D51}
		{6BE9891D-D655-30ED-9EB9-B9BA3C219DDF} = {6BE9891D-D655-30ED-9EB9-B9BA3C219DDF}
		{25A5C8EB-A739-30EA-AE01-4DDC56266398} = {25A5C8EB-A739-30EA-AE01-4DDC56266398}
		{7BFCA077-2FEF-34D5-8A79-1F8F4D3022E4} = {7BFCA077-2FEF-34D5-8A79-1F8F4D3022E4}
	EndProjectSection
EndProject
Project("{8BC9CEB8-8B4A-11D0-8D11-00A0C91BC942}") = "BingRequest", "Release\samples\BingRequest\BingRequest.vcxproj", "{DFC1F0B0-A588-3F9B-9CAD-11938C1F32AC}"
	ProjectSection(ProjectDependencies) = postProject
		{A176657F-0AA3-398F-8CF1-46712FD79F2B} = {A176657F-0AA3-398F-8CF1-46712FD79F2B}
		{E2EDCFD5-C98B-3EFE-9EDF-9B69F8F1379A} = {E2EDCFD5-C98B-3EFE-9EDF-9B69F8F1379A}
	EndProjectSection
EndProject
Project("{8BC9CEB8-8B4A-11D0-8D11-00A0C91BC942}") = "INSTALL", "INSTALL.vcxproj", "{E46A4ACB-1E02-341D-9BBF-64284E64F708}"
	ProjectSection(ProjectDependencies) = postProject
		{E6C3FF0A-B39E-3D38-A718-D638CC0CAEEE} = {E6C3FF0A-B39E-3D38-A718-D638CC0CAEEE}
		{A176657F-0AA3-398F-8CF1-46712FD79F2B} = {A176657F-0AA3-398F-8CF1-46712FD79F2B}
	EndProjectSection
EndProject
Project("{8BC9CEB8-8B4A-11D0-8D11-00A0C91BC942}") = "RUN_TESTS", "RUN_TESTS.vcxproj", "{3F617CE3-B640-3E99-B533-B23FE4975692}"
	ProjectSection(ProjectDependencies) = postProject
		{A176657F-0AA3-398F-8CF1-46712FD79F2B} = {A176657F-0AA3-398F-8CF1-46712FD79F2B}
	EndProjectSection
EndProject
Project("{8BC9CEB8-8B4A-11D0-8D11-00A0C91BC942}") = "SearchFile", "Release\samples\SearchFile\SearchFile.vcxproj", "{FB3CB569-9342-31EE-A902-DEEA05F1B7D5}"
	ProjectSection(ProjectDependencies) = postProject
		{A176657F-0AA3-398F-8CF1-46712FD79F2B} = {A176657F-0AA3-398F-8CF1-46712FD79F2B}
		{E2EDCFD5-C98B-3EFE-9EDF-9B69F8F1379A} = {E2EDCFD5-C98B-3EFE-9EDF-9B69F8F1379A}
	EndProjectSection
EndProject
Project("{8BC9CEB8-8B4A-11D0-8D11-00A0C91BC942}") = "ZERO_CHECK", "ZERO_CHECK.vcxproj", "{A176657F-0AA3-398F-8CF1-46712FD79F2B}"
EndProject
Project("{8BC9CEB8-8B4A-11D0-8D11-00A0C91BC942}") = "blackjackclient", "Release\samples\BlackJack\BlackJack_Client\blackjackclient.vcxproj", "{71D26AC8-A3F9-325F-A3B8-3AF09DCFE994}"
	ProjectSection(ProjectDependencies) = postProject
		{A176657F-0AA3-398F-8CF1-46712FD79F2B} = {A176657F-0AA3-398F-8CF1-46712FD79F2B}
		{E2EDCFD5-C98B-3EFE-9EDF-9B69F8F1379A} = {E2EDCFD5-C98B-3EFE-9EDF-9B69F8F1379A}
	EndProjectSection
EndProject
Project("{8BC9CEB8-8B4A-11D0-8D11-00A0C91BC942}") = "blackjackserver", "Release\samples\BlackJack\BlackJack_Server\blackjackserver.vcxproj", "{E5C90FD6-9338-3971-BDBE-8C0DD7E28A01}"
	ProjectSection(ProjectDependencies) = postProject
		{A176657F-0AA3-398F-8CF1-46712FD79F2B} = {A176657F-0AA3-398F-8CF1-46712FD79F2B}
		{E2EDCFD5-C98B-3EFE-9EDF-9B69F8F1379A} = {E2EDCFD5-C98B-3EFE-9EDF-9B69F8F1379A}
	EndProjectSection
EndProject
Project("{8BC9CEB8-8B4A-11D0-8D11-00A0C91BC942}") = "common_utilities", "Release\tests\common\utilities\common_utilities.vcxproj", "{2956FD8C-FBAD-3A7D-A1AA-EA1C660A129A}"
	ProjectSection(ProjectDependencies) = postProject
		{A176657F-0AA3-398F-8CF1-46712FD79F2B} = {A176657F-0AA3-398F-8CF1-46712FD79F2B}
		{E2EDCFD5-C98B-3EFE-9EDF-9B69F8F1379A} = {E2EDCFD5-C98B-3EFE-9EDF-9B69F8F1379A}
		{6BE9891D-D655-30ED-9EB9-B9BA3C219DDF} = {6BE9891D-D655-30ED-9EB9-B9BA3C219DDF}
	EndProjectSection
EndProject
Project("{8BC9CEB8-8B4A-11D0-8D11-00A0C91BC942}") = "cpprest", "Release\src\cpprest.vcxproj", "{E2EDCFD5-C98B-3EFE-9EDF-9B69F8F1379A}"
	ProjectSection(ProjectDependencies) = postProject
		{A176657F-0AA3-398F-8CF1-46712FD79F2B} = {A176657F-0AA3-398F-8CF1-46712FD79F2B}
	EndProjectSection
EndProject
Project("{8BC9CEB8-8B4A-11D0-8D11-00A0C91BC942}") = "httpclient_test", "Release\tests\functional\http\client\httpclient_test.vcxproj", "{42513BC6-0B70-3C14-B3C5-4BC7E1BC0650}"
	ProjectSection(ProjectDependencies) = postProject
		{A176657F-0AA3-398F-8CF1-46712FD79F2B} = {A176657F-0AA3-398F-8CF1-46712FD79F2B}
		{2956FD8C-FBAD-3A7D-A1AA-EA1C660A129A} = {2956FD8C-FBAD-3A7D-A1AA-EA1C660A129A}
		{E2EDCFD5-C98B-3EFE-9EDF-9B69F8F1379A} = {E2EDCFD5-C98B-3EFE-9EDF-9B69F8F1379A}
		{5E524D44-C5BF-336D-B812-E13DBC6B94B6} = {5E524D44-C5BF-336D-B812-E13DBC6B94B6}
		{6BE9891D-D655-30ED-9EB9-B9BA3C219DDF} = {6BE9891D-D655-30ED-9EB9-B9BA3C219DDF}
	EndProjectSection
EndProject
Project("{8BC9CEB8-8B4A-11D0-8D11-00A0C91BC942}") = "httplistener_test", "Release\tests\functional\http\listener\httplistener_test.vcxproj", "{4362448C-BE8F-36A3-9B0E-50611BD41CF1}"
	ProjectSection(ProjectDependencies) = postProject
		{A176657F-0AA3-398F-8CF1-46712FD79F2B} = {A176657F-0AA3-398F-8CF1-46712FD79F2B}
		{2956FD8C-FBAD-3A7D-A1AA-EA1C660A129A} = {2956FD8C-FBAD-3A7D-A1AA-EA1C660A129A}
		{E2EDCFD5-C98B-3EFE-9EDF-9B69F8F1379A} = {E2EDCFD5-C98B-3EFE-9EDF-9B69F8F1379A}
		{5E524D44-C5BF-336D-B812-E13DBC6B94B6} = {5E524D44-C5BF-336D-B812-E13DBC6B94B6}
		{6BE9891D-D655-30ED-9EB9-B9BA3C219DDF} = {6BE9891D-D655-30ED-9EB9-B9BA3C219DDF}
	EndProjectSection
EndProject
Project("{8BC9CEB8-8B4A-11D0-8D11-00A0C91BC942}") = "httptest_utilities", "Release\tests\functional\http\utilities\httptest_utilities.vcxproj", "{5E524D44-C5BF-336D-B812-E13DBC6B94B6}"
	ProjectSection(ProjectDependencies) = postProject
		{A176657F-0AA3-398F-8CF1-46712FD79F2B} = {A176657F-0AA3-398F-8CF1-46712FD79F2B}
		{2956FD8C-FBAD-3A7D-A1AA-EA1C660A129A} = {2956FD8C-FBAD-3A7D-A1AA-EA1C660A129A}
		{E2EDCFD5-C98B-3EFE-9EDF-9B69F8F1379A} = {E2EDCFD5-C98B-3EFE-9EDF-9B69F8F1379A}
		{6BE9891D-D655-30ED-9EB9-B9BA3C219DDF} = {6BE9891D-D655-30ED-9EB9-B9BA3C219DDF}
	EndProjectSection
EndProject
Project("{8BC9CEB8-8B4A-11D0-8D11-00A0C91BC942}") = "json_test", "Release\tests\functional\json\json_test.vcxproj", "{1C9DD759-1582-3F76-91A7-E2E93ED3EDA7}"
	ProjectSection(ProjectDependencies) = postProject
		{A176657F-0AA3-398F-8CF1-46712FD79F2B} = {A176657F-0AA3-398F-8CF1-46712FD79F2B}
		{2956FD8C-FBAD-3A7D-A1AA-EA1C660A129A} = {2956FD8C-FBAD-3A7D-A1AA-EA1C660A129A}
		{E2EDCFD5-C98B-3EFE-9EDF-9B69F8F1379A} = {E2EDCFD5-C98B-3EFE-9EDF-9B69F8F1379A}
		{6BE9891D-D655-30ED-9EB9-B9BA3C219DDF} = {6BE9891D-D655-30ED-9EB9-B9BA3C219DDF}
	EndProjectSection
EndProject
Project("{8BC9CEB8-8B4A-11D0-8D11-00A0C91BC942}") = "oauth1client", "Release\samples\Oauth1Client\oauth1client.vcxproj", "{F998D6CB-C9D6-3B52-85BF-503E8965DD7E}"
	ProjectSection(ProjectDependencies) = postProject
		{A176657F-0AA3-398F-8CF1-46712FD79F2B} = {A176657F-0AA3-398F-8CF1-46712FD79F2B}
		{E2EDCFD5-C98B-3EFE-9EDF-9B69F8F1379A} = {E2EDCFD5-C98B-3EFE-9EDF-9B69F8F1379A}
	EndProjectSection
EndProject
Project("{8BC9CEB8-8B4A-11D0-8D11-00A0C91BC942}") = "oauth2client", "Release\samples\Oauth2Client\oauth2client.vcxproj", "{922B451B-BAFA-3F9B-803B-54138CE39381}"
	ProjectSection(ProjectDependencies) = postProject
		{A176657F-0AA3-398F-8CF1-46712FD79F2B} = {A176657F-0AA3-398F-8CF1-46712FD79F2B}
		{E2EDCFD5-C98B-3EFE-9EDF-9B69F8F1379A} = {E2EDCFD5-C98B-3EFE-9EDF-9B69F8F1379A}
	EndProjectSection
EndProject
Project("{8BC9CEB8-8B4A-11D0-8D11-00A0C91BC942}") = "pplx_test", "Release\tests\functional\pplx\pplx_test\pplx_test.vcxproj", "{D6297D20-59AF-3E27-83CC-DE1EA62B27CE}"
	ProjectSection(ProjectDependencies) = postProject
		{A176657F-0AA3-398F-8CF1-46712FD79F2B} = {A176657F-0AA3-398F-8CF1-46712FD79F2B}
		{2956FD8C-FBAD-3A7D-A1AA-EA1C660A129A} = {2956FD8C-FBAD-3A7D-A1AA-EA1C660A129A}
		{E2EDCFD5-C98B-3EFE-9EDF-9B69F8F1379A} = {E2EDCFD5-C98B-3EFE-9EDF-9B69F8F1379A}
		{6BE9891D-D655-30ED-9EB9-B9BA3C219DDF} = {6BE9891D-D655-30ED-9EB9-B9BA3C219DDF}
	EndProjectSection
EndProject
Project("{8BC9CEB8-8B4A-11D0-8D11-00A0C91BC942}") = "samples", "Release\samples\samples.vcxproj", "{F85883CC-3DE4-3DA8-8A67-735428E10BF4}"
	ProjectSection(ProjectDependencies) = postProject
		{DFC1F0B0-A588-3F9B-9CAD-11938C1F32AC} = {DFC1F0B0-A588-3F9B-9CAD-11938C1F32AC}
		{FB3CB569-9342-31EE-A902-DEEA05F1B7D5} = {FB3CB569-9342-31EE-A902-DEEA05F1B7D5}
		{A176657F-0AA3-398F-8CF1-46712FD79F2B} = {A176657F-0AA3-398F-8CF1-46712FD79F2B}
		{71D26AC8-A3F9-325F-A3B8-3AF09DCFE994} = {71D26AC8-A3F9-325F-A3B8-3AF09DCFE994}
		{E5C90FD6-9338-3971-BDBE-8C0DD7E28A01} = {E5C90FD6-9338-3971-BDBE-8C0DD7E28A01}
		{F998D6CB-C9D6-3B52-85BF-503E8965DD7E} = {F998D6CB-C9D6-3B52-85BF-503E8965DD7E}
		{922B451B-BAFA-3F9B-803B-54138CE39381} = {922B451B-BAFA-3F9B-803B-54138CE39381}
	EndProjectSection
EndProject
Project("{8BC9CEB8-8B4A-11D0-8D11-00A0C91BC942}") = "streams_test", "Release\tests\functional\streams\streams_test.vcxproj", "{04AA7FE2-B767-3EE0-9607-97CE5A999562}"
	ProjectSection(ProjectDependencies) = postProject
		{A176657F-0AA3-398F-8CF1-46712FD79F2B} = {A176657F-0AA3-398F-8CF1-46712FD79F2B}
		{2956FD8C-FBAD-3A7D-A1AA-EA1C660A129A} = {2956FD8C-FBAD-3A7D-A1AA-EA1C660A129A}
		{E2EDCFD5-C98B-3EFE-9EDF-9B69F8F1379A} = {E2EDCFD5-C98B-3EFE-9EDF-9B69F8F1379A}
		{6BE9891D-D655-30ED-9EB9-B9BA3C219DDF} = {6BE9891D-D655-30ED-9EB9-B9BA3C219DDF}
	EndProjectSection
EndProject
Project("{8BC9CEB8-8B4A-11D0-8D11-00A0C91BC942}") = "test_runner", "Release\tests\common\TestRunner\test_runner.vcxproj", "{8EF7FEFB-B31C-3709-B1A3-1FCAB22D3D51}"
	ProjectSection(ProjectDependencies) = postProject
		{A176657F-0AA3-398F-8CF1-46712FD79F2B} = {A176657F-0AA3-398F-8CF1-46712FD79F2B}
		{E2EDCFD5-C98B-3EFE-9EDF-9B69F8F1379A} = {E2EDCFD5-C98B-3EFE-9EDF-9B69F8F1379A}
		{6BE9891D-D655-30ED-9EB9-B9BA3C219DDF} = {6BE9891D-D655-30ED-9EB9-B9BA3C219DDF}
	EndProjectSection
EndProject
Project("{8BC9CEB8-8B4A-11D0-8D11-00A0C91BC942}") = "unittestpp", "Release\tests\common\UnitTestpp\unittestpp.vcxproj", "{6BE9891D-D655-30ED-9EB9-B9BA3C219DDF}"
	ProjectSection(ProjectDependencies) = postProject
		{A176657F-0AA3-398F-8CF1-46712FD79F2B} = {A176657F-0AA3-398F-8CF1-46712FD79F2B}
		{E2EDCFD5-C98B-3EFE-9EDF-9B69F8F1379A} = {E2EDCFD5-C98B-3EFE-9EDF-9B69F8F1379A}
	EndProjectSection
EndProject
Project("{8BC9CEB8-8B4A-11D0-8D11-00A0C91BC942}") = "uri_test", "Release\tests\functional\uri\uri_test.vcxproj", "{25A5C8EB-A739-30EA-AE01-4DDC56266398}"
	ProjectSection(ProjectDependencies) = postProject
		{A176657F-0AA3-398F-8CF1-46712FD79F2B} = {A176657F-0AA3-398F-8CF1-46712FD79F2B}
		{2956FD8C-FBAD-3A7D-A1AA-EA1C660A129A} = {2956FD8C-FBAD-3A7D-A1AA-EA1C660A129A}
		{E2EDCFD5-C98B-3EFE-9EDF-9B69F8F1379A} = {E2EDCFD5-C98B-3EFE-9EDF-9B69F8F1379A}
		{6BE9891D-D655-30ED-9EB9-B9BA3C219DDF} = {6BE9891D-D655-30ED-9EB9-B9BA3C219DDF}
	EndProjectSection
EndProject
Project("{8BC9CEB8-8B4A-11D0-8D11-00A0C91BC942}") = "utils_test", "Release\tests\functional\utils\utils_test.vcxproj", "{7BFCA077-2FEF-34D5-8A79-1F8F4D3022E4}"
	ProjectSection(ProjectDependencies) = postProject
		{A176657F-0AA3-398F-8CF1-46712FD79F2B} = {A176657F-0AA3-398F-8CF1-46712FD79F2B}
		{2956FD8C-FBAD-3A7D-A1AA-EA1C660A129A} = {2956FD8C-FBAD-3A7D-A1AA-EA1C660A129A}
		{E2EDCFD5-C98B-3EFE-9EDF-9B69F8F1379A} = {E2EDCFD5-C98B-3EFE-9EDF-9B69F8F1379A}
		{6BE9891D-D655-30ED-9EB9-B9BA3C219DDF} = {6BE9891D-D655-30ED-9EB9-B9BA3C219DDF}
	EndProjectSection
EndProject
Project("{8BC9CEB8-8B4A-11D0-8D11-00A0C91BC942}") = "HTTP_CLIENT_GET_PICTURE", "..\HTTP_CLIENT_GET_PICTURE\HTTP_CLIENT_GET_PICTURE.vcxproj", "{5A72CAB6-2338-4984-9FE5-AED77A2824F8}"
EndProject
Project("{8BC9CEB8-8B4A-11D0-8D11-00A0C91BC942}") = "HTTP_SIMPLE_SERVER", "..\HTTP_SIMPLE_SERVER\HTTP_SIMPLE_SERVER.vcxproj", "{BB0FB695-74B7-473B-B034-68F9FF0F3ED0}"
EndProject
Project("{8BC9CEB8-8B4A-11D0-8D11-00A0C91BC942}") = "HTTP_SIMPLE_CLIENT", "..\HTTP_SIMPLE_CLIENT\HTTP_SIMPLE_CLIENT.vcxproj", "{05071389-F9F3-4C44-B155-A15E43CA3FFD}"
EndProject
Project("{8BC9CEB8-8B4A-11D0-8D11-00A0C91BC942}") = "simple_web", "..\simple_web\simple_web.vcxproj", "{363DCB11-CFEF-4E12-BE70-CE3C2D695ECA}"
EndProject
Global
	GlobalSection(SolutionConfigurationPlatforms) = preSolution
		Debug|Win32 = Debug|Win32
		Debug|x64 = Debug|x64
		MinSizeRel|Win32 = MinSizeRel|Win32
		MinSizeRel|x64 = MinSizeRel|x64
		Release|Win32 = Release|Win32
		Release|x64 = Release|x64
		RelWithDebInfo|Win32 = RelWithDebInfo|Win32
		RelWithDebInfo|x64 = RelWithDebInfo|x64
	EndGlobalSection
	GlobalSection(ProjectConfigurationPlatforms) = postSolution
		{E6C3FF0A-B39E-3D38-A718-D638CC0CAEEE}.Debug|Win32.ActiveCfg = Debug|Win32
		{E6C3FF0A-B39E-3D38-A718-D638CC0CAEEE}.Debug|Win32.Build.0 = Debug|Win32
		{E6C3FF0A-B39E-3D38-A718-D638CC0CAEEE}.Debug|x64.ActiveCfg = Debug|Win32
		{E6C3FF0A-B39E-3D38-A718-D638CC0CAEEE}.MinSizeRel|Win32.ActiveCfg = MinSizeRel|Win32
		{E6C3FF0A-B39E-3D38-A718-D638CC0CAEEE}.MinSizeRel|Win32.Build.0 = MinSizeRel|Win32
		{E6C3FF0A-B39E-3D38-A718-D638CC0CAEEE}.MinSizeRel|x64.ActiveCfg = MinSizeRel|Win32
		{E6C3FF0A-B39E-3D38-A718-D638CC0CAEEE}.Release|Win32.ActiveCfg = Release|Win32
		{E6C3FF0A-B39E-3D38-A718-D638CC0CAEEE}.Release|Win32.Build.0 = Release|Win32
		{E6C3FF0A-B39E-3D38-A718-D638CC0CAEEE}.Release|x64.ActiveCfg = Release|Win32
		{E6C3FF0A-B39E-3D38-A718-D638CC0CAEEE}.RelWithDebInfo|Win32.ActiveCfg = RelWithDebInfo|Win32
		{E6C3FF0A-B39E-3D38-A718-D638CC0CAEEE}.RelWithDebInfo|Win32.Build.0 = RelWithDebInfo|Win32
		{E6C3FF0A-B39E-3D38-A718-D638CC0CAEEE}.RelWithDebInfo|x64.ActiveCfg = RelWithDebInfo|Win32
		{DFC1F0B0-A588-3F9B-9CAD-11938C1F32AC}.Debug|Win32.ActiveCfg = Debug|Win32
		{DFC1F0B0-A588-3F9B-9CAD-11938C1F32AC}.Debug|Win32.Build.0 = Debug|Win32
		{DFC1F0B0-A588-3F9B-9CAD-11938C1F32AC}.Debug|x64.ActiveCfg = Debug|Win32
		{DFC1F0B0-A588-3F9B-9CAD-11938C1F32AC}.MinSizeRel|Win32.ActiveCfg = MinSizeRel|Win32
		{DFC1F0B0-A588-3F9B-9CAD-11938C1F32AC}.MinSizeRel|Win32.Build.0 = MinSizeRel|Win32
		{DFC1F0B0-A588-3F9B-9CAD-11938C1F32AC}.MinSizeRel|x64.ActiveCfg = MinSizeRel|Win32
		{DFC1F0B0-A588-3F9B-9CAD-11938C1F32AC}.Release|Win32.ActiveCfg = Release|Win32
		{DFC1F0B0-A588-3F9B-9CAD-11938C1F32AC}.Release|Win32.Build.0 = Release|Win32
		{DFC1F0B0-A588-3F9B-9CAD-11938C1F32AC}.Release|x64.ActiveCfg = Release|Win32
		{DFC1F0B0-A588-3F9B-9CAD-11938C1F32AC}.RelWithDebInfo|Win32.ActiveCfg = RelWithDebInfo|Win32
		{DFC1F0B0-A588-3F9B-9CAD-11938C1F32AC}.RelWithDebInfo|Win32.Build.0 = RelWithDebInfo|Win32
		{DFC1F0B0-A588-3F9B-9CAD-11938C1F32AC}.RelWithDebInfo|x64.ActiveCfg = RelWithDebInfo|Win32
		{E46A4ACB-1E02-341D-9BBF-64284E64F708}.Debug|Win32.ActiveCfg = Debug|Win32
		{E46A4ACB-1E02-341D-9BBF-64284E64F708}.Debug|x64.ActiveCfg = Debug|Win32
		{E46A4ACB-1E02-341D-9BBF-64284E64F708}.MinSizeRel|Win32.ActiveCfg = MinSizeRel|Win32
		{E46A4ACB-1E02-341D-9BBF-64284E64F708}.MinSizeRel|x64.ActiveCfg = MinSizeRel|Win32
		{E46A4ACB-1E02-341D-9BBF-64284E64F708}.Release|Win32.ActiveCfg = Release|Win32
		{E46A4ACB-1E02-341D-9BBF-64284E64F708}.Release|x64.ActiveCfg = Release|Win32
		{E46A4ACB-1E02-341D-9BBF-64284E64F708}.RelWithDebInfo|Win32.ActiveCfg = RelWithDebInfo|Win32
		{E46A4ACB-1E02-341D-9BBF-64284E64F708}.RelWithDebInfo|x64.ActiveCfg = RelWithDebInfo|Win32
		{3F617CE3-B640-3E99-B533-B23FE4975692}.Debug|Win32.ActiveCfg = Debug|Win32
		{3F617CE3-B640-3E99-B533-B23FE4975692}.Debug|x64.ActiveCfg = Debug|Win32
		{3F617CE3-B640-3E99-B533-B23FE4975692}.MinSizeRel|Win32.ActiveCfg = MinSizeRel|Win32
		{3F617CE3-B640-3E99-B533-B23FE4975692}.MinSizeRel|x64.ActiveCfg = MinSizeRel|Win32
		{3F617CE3-B640-3E99-B533-B23FE4975692}.Release|Win32.ActiveCfg = Release|Win32
		{3F617CE3-B640-3E99-B533-B23FE4975692}.Release|x64.ActiveCfg = Release|Win32
		{3F617CE3-B640-3E99-B533-B23FE4975692}.RelWithDebInfo|Win32.ActiveCfg = RelWithDebInfo|Win32
		{3F617CE3-B640-3E99-B533-B23FE4975692}.RelWithDebInfo|x64.ActiveCfg = RelWithDebInfo|Win32
		{FB3CB569-9342-31EE-A902-DEEA05F1B7D5}.Debug|Win32.ActiveCfg = Debug|Win32
		{FB3CB569-9342-31EE-A902-DEEA05F1B7D5}.Debug|Win32.Build.0 = Debug|Win32
		{FB3CB569-9342-31EE-A902-DEEA05F1B7D5}.Debug|x64.ActiveCfg = Debug|Win32
		{FB3CB569-9342-31EE-A902-DEEA05F1B7D5}.MinSizeRel|Win32.ActiveCfg = MinSizeRel|Win32
		{FB3CB569-9342-31EE-A902-DEEA05F1B7D5}.MinSizeRel|Win32.Build.0 = MinSizeRel|Win32
		{FB3CB569-9342-31EE-A902-DEEA05F1B7D5}.MinSizeRel|x64.ActiveCfg = MinSizeRel|Win32
		{FB3CB569-9342-31EE-A902-DEEA05F1B7D5}.Release|Win32.ActiveCfg = Release|Win32
		{FB3CB569-9342-31EE-A902-DEEA05F1B7D5}.Release|Win32.Build.0 = Release|Win32
		{FB3CB569-9342-31EE-A902-DEEA05F1B7D5}.Release|x64.ActiveCfg = Release|Win32
		{FB3CB569-9342-31EE-A902-DEEA05F1B7D5}.RelWithDebInfo|Win32.ActiveCfg = RelWithDebInfo|Win32
		{FB3CB569-9342-31EE-A902-DEEA05F1B7D5}.RelWithDebInfo|Win32.Build.0 = RelWithDebInfo|Win32
		{FB3CB569-9342-31EE-A902-DEEA05F1B7D5}.RelWithDebInfo|x64.ActiveCfg = RelWithDebInfo|Win32
		{A176657F-0AA3-398F-8CF1-46712FD79F2B}.Debug|Win32.ActiveCfg = Debug|Win32
		{A176657F-0AA3-398F-8CF1-46712FD79F2B}.Debug|Win32.Build.0 = Debug|Win32
		{A176657F-0AA3-398F-8CF1-46712FD79F2B}.Debug|x64.ActiveCfg = Debug|Win32
		{A176657F-0AA3-398F-8CF1-46712FD79F2B}.MinSizeRel|Win32.ActiveCfg = MinSizeRel|Win32
		{A176657F-0AA3-398F-8CF1-46712FD79F2B}.MinSizeRel|Win32.Build.0 = MinSizeRel|Win32
		{A176657F-0AA3-398F-8CF1-46712FD79F2B}.MinSizeRel|x64.ActiveCfg = MinSizeRel|Win32
		{A176657F-0AA3-398F-8CF1-46712FD79F2B}.Release|Win32.ActiveCfg = Release|Win32
		{A176657F-0AA3-398F-8CF1-46712FD79F2B}.Release|Win32.Build.0 = Release|Win32
		{A176657F-0AA3-398F-8CF1-46712FD79F2B}.Release|x64.ActiveCfg = Release|Win32
		{A176657F-0AA3-398F-8CF1-46712FD79F2B}.RelWithDebInfo|Win32.ActiveCfg = RelWithDebInfo|Win32
		{A176657F-0AA3-398F-8CF1-46712FD79F2B}.RelWithDebInfo|Win32.Build.0 = RelWithDebInfo|Win32
		{A176657F-0AA3-398F-8CF1-46712FD79F2B}.RelWithDebInfo|x64.ActiveCfg = RelWithDebInfo|Win32
		{71D26AC8-A3F9-325F-A3B8-3AF09DCFE994}.Debug|Win32.ActiveCfg = Debug|Win32
		{71D26AC8-A3F9-325F-A3B8-3AF09DCFE994}.Debug|Win32.Build.0 = Debug|Win32
		{71D26AC8-A3F9-325F-A3B8-3AF09DCFE994}.Debug|x64.ActiveCfg = Debug|Win32
		{71D26AC8-A3F9-325F-A3B8-3AF09DCFE994}.MinSizeRel|Win32.ActiveCfg = MinSizeRel|Win32
		{71D26AC8-A3F9-325F-A3B8-3AF09DCFE994}.MinSizeRel|Win32.Build.0 = MinSizeRel|Win32
		{71D26AC8-A3F9-325F-A3B8-3AF09DCFE994}.MinSizeRel|x64.ActiveCfg = MinSizeRel|Win32
		{71D26AC8-A3F9-325F-A3B8-3AF09DCFE994}.Release|Win32.ActiveCfg = Release|Win32
		{71D26AC8-A3F9-325F-A3B8-3AF09DCFE994}.Release|Win32.Build.0 = Release|Win32
		{71D26AC8-A3F9-325F-A3B8-3AF09DCFE994}.Release|x64.ActiveCfg = Release|Win32
		{71D26AC8-A3F9-325F-A3B8-3AF09DCFE994}.RelWithDebInfo|Win32.ActiveCfg = RelWithDebInfo|Win32
		{71D26AC8-A3F9-325F-A3B8-3AF09DCFE994}.RelWithDebInfo|Win32.Build.0 = RelWithDebInfo|Win32
		{71D26AC8-A3F9-325F-A3B8-3AF09DCFE994}.RelWithDebInfo|x64.ActiveCfg = RelWithDebInfo|Win32
		{E5C90FD6-9338-3971-BDBE-8C0DD7E28A01}.Debug|Win32.ActiveCfg = Debug|Win32
		{E5C90FD6-9338-3971-BDBE-8C0DD7E28A01}.Debug|Win32.Build.0 = Debug|Win32
		{E5C90FD6-9338-3971-BDBE-8C0DD7E28A01}.Debug|x64.ActiveCfg = Debug|Win32
		{E5C90FD6-9338-3971-BDBE-8C0DD7E28A01}.MinSizeRel|Win32.ActiveCfg = MinSizeRel|Win32
		{E5C90FD6-9338-3971-BDBE-8C0DD7E28A01}.MinSizeRel|Win32.Build.0 = MinSizeRel|Win32
		{E5C90FD6-9338-3971-BDBE-8C0DD7E28A01}.MinSizeRel|x64.ActiveCfg = MinSizeRel|Win32
		{E5C90FD6-9338-3971-BDBE-8C0DD7E28A01}.Release|Win32.ActiveCfg = Release|Win32
		{E5C90FD6-9338-3971-BDBE-8C0DD7E28A01}.Release|Win32.Build.0 = Release|Win32
		{E5C90FD6-9338-3971-BDBE-8C0DD7E28A01}.Release|x64.ActiveCfg = Release|Win32
		{E5C90FD6-9338-3971-BDBE-8C0DD7E28A01}.RelWithDebInfo|Win32.ActiveCfg = RelWithDebInfo|Win32
		{E5C90FD6-9338-3971-BDBE-8C0DD7E28A01}.RelWithDebInfo|Win32.Build.0 = RelWithDebInfo|Win32
		{E5C90FD6-9338-3971-BDBE-8C0DD7E28A01}.RelWithDebInfo|x64.ActiveCfg = RelWithDebInfo|Win32
		{2956FD8C-FBAD-3A7D-A1AA-EA1C660A129A}.Debug|Win32.ActiveCfg = Debug|Win32
		{2956FD8C-FBAD-3A7D-A1AA-EA1C660A129A}.Debug|Win32.Build.0 = Debug|Win32
		{2956FD8C-FBAD-3A7D-A1AA-EA1C660A129A}.Debug|x64.ActiveCfg = Debug|Win32
		{2956FD8C-FBAD-3A7D-A1AA-EA1C660A129A}.MinSizeRel|Win32.ActiveCfg = MinSizeRel|Win32
		{2956FD8C-FBAD-3A7D-A1AA-EA1C660A129A}.MinSizeRel|Win32.Build.0 = MinSizeRel|Win32
		{2956FD8C-FBAD-3A7D-A1AA-EA1C660A129A}.MinSizeRel|x64.ActiveCfg = MinSizeRel|Win32
		{2956FD8C-FBAD-3A7D-A1AA-EA1C660A129A}.Release|Win32.ActiveCfg = Release|Win32
		{2956FD8C-FBAD-3A7D-A1AA-EA1C660A129A}.Release|Win32.Build.0 = Release|Win32
		{2956FD8C-FBAD-3A7D-A1AA-EA1C660A129A}.Release|x64.ActiveCfg = Release|Win32
		{2956FD8C-FBAD-3A7D-A1AA-EA1C660A129A}.RelWithDebInfo|Win32.ActiveCfg = RelWithDebInfo|Win32
		{2956FD8C-FBAD-3A7D-A1AA-EA1C660A129A}.RelWithDebInfo|Win32.Build.0 = RelWithDebInfo|Win32
		{2956FD8C-FBAD-3A7D-A1AA-EA1C660A129A}.RelWithDebInfo|x64.ActiveCfg = RelWithDebInfo|Win32
		{E2EDCFD5-C98B-3EFE-9EDF-9B69F8F1379A}.Debug|Win32.ActiveCfg = Debug|Win32
		{E2EDCFD5-C98B-3EFE-9EDF-9B69F8F1379A}.Debug|Win32.Build.0 = Debug|Win32
		{E2EDCFD5-C98B-3EFE-9EDF-9B69F8F1379A}.Debug|x64.ActiveCfg = Debug|Win32
		{E2EDCFD5-C98B-3EFE-9EDF-9B69F8F1379A}.MinSizeRel|Win32.ActiveCfg = MinSizeRel|Win32
		{E2EDCFD5-C98B-3EFE-9EDF-9B69F8F1379A}.MinSizeRel|Win32.Build.0 = MinSizeRel|Win32
		{E2EDCFD5-C98B-3EFE-9EDF-9B69F8F1379A}.MinSizeRel|x64.ActiveCfg = MinSizeRel|Win32
		{E2EDCFD5-C98B-3EFE-9EDF-9B69F8F1379A}.Release|Win32.ActiveCfg = Release|Win32
		{E2EDCFD5-C98B-3EFE-9EDF-9B69F8F1379A}.Release|Win32.Build.0 = Release|Win32
		{E2EDCFD5-C98B-3EFE-9EDF-9B69F8F1379A}.Release|x64.ActiveCfg = Release|Win32
		{E2EDCFD5-C98B-3EFE-9EDF-9B69F8F1379A}.RelWithDebInfo|Win32.ActiveCfg = RelWithDebInfo|Win32
		{E2EDCFD5-C98B-3EFE-9EDF-9B69F8F1379A}.RelWithDebInfo|Win32.Build.0 = RelWithDebInfo|Win32
		{E2EDCFD5-C98B-3EFE-9EDF-9B69F8F1379A}.RelWithDebInfo|x64.ActiveCfg = RelWithDebInfo|Win32
		{42513BC6-0B70-3C14-B3C5-4BC7E1BC0650}.Debug|Win32.ActiveCfg = Debug|Win32
		{42513BC6-0B70-3C14-B3C5-4BC7E1BC0650}.Debug|Win32.Build.0 = Debug|Win32
		{42513BC6-0B70-3C14-B3C5-4BC7E1BC0650}.Debug|x64.ActiveCfg = Debug|Win32
		{42513BC6-0B70-3C14-B3C5-4BC7E1BC0650}.MinSizeRel|Win32.ActiveCfg = MinSizeRel|Win32
		{42513BC6-0B70-3C14-B3C5-4BC7E1BC0650}.MinSizeRel|Win32.Build.0 = MinSizeRel|Win32
		{42513BC6-0B70-3C14-B3C5-4BC7E1BC0650}.MinSizeRel|x64.ActiveCfg = MinSizeRel|Win32
		{42513BC6-0B70-3C14-B3C5-4BC7E1BC0650}.Release|Win32.ActiveCfg = Release|Win32
		{42513BC6-0B70-3C14-B3C5-4BC7E1BC0650}.Release|Win32.Build.0 = Release|Win32
		{42513BC6-0B70-3C14-B3C5-4BC7E1BC0650}.Release|x64.ActiveCfg = Release|Win32
		{42513BC6-0B70-3C14-B3C5-4BC7E1BC0650}.RelWithDebInfo|Win32.ActiveCfg = RelWithDebInfo|Win32
		{42513BC6-0B70-3C14-B3C5-4BC7E1BC0650}.RelWithDebInfo|Win32.Build.0 = RelWithDebInfo|Win32
		{42513BC6-0B70-3C14-B3C5-4BC7E1BC0650}.RelWithDebInfo|x64.ActiveCfg = RelWithDebInfo|Win32
		{4362448C-BE8F-36A3-9B0E-50611BD41CF1}.Debug|Win32.ActiveCfg = Debug|Win32
		{4362448C-BE8F-36A3-9B0E-50611BD41CF1}.Debug|Win32.Build.0 = Debug|Win32
		{4362448C-BE8F-36A3-9B0E-50611BD41CF1}.Debug|x64.ActiveCfg = Debug|Win32
		{4362448C-BE8F-36A3-9B0E-50611BD41CF1}.MinSizeRel|Win32.ActiveCfg = MinSizeRel|Win32
		{4362448C-BE8F-36A3-9B0E-50611BD41CF1}.MinSizeRel|Win32.Build.0 = MinSizeRel|Win32
		{4362448C-BE8F-36A3-9B0E-50611BD41CF1}.MinSizeRel|x64.ActiveCfg = MinSizeRel|Win32
		{4362448C-BE8F-36A3-9B0E-50611BD41CF1}.Release|Win32.ActiveCfg = Release|Win32
		{4362448C-BE8F-36A3-9B0E-50611BD41CF1}.Release|Win32.Build.0 = Release|Win32
		{4362448C-BE8F-36A3-9B0E-50611BD41CF1}.Release|x64.ActiveCfg = Release|Win32
		{4362448C-BE8F-36A3-9B0E-50611BD41CF1}.RelWithDebInfo|Win32.ActiveCfg = RelWithDebInfo|Win32
		{4362448C-BE8F-36A3-9B0E-50611BD41CF1}.RelWithDebInfo|Win32.Build.0 = RelWithDebInfo|Win32
		{4362448C-BE8F-36A3-9B0E-50611BD41CF1}.RelWithDebInfo|x64.ActiveCfg = RelWithDebInfo|Win32
		{5E524D44-C5BF-336D-B812-E13DBC6B94B6}.Debug|Win32.ActiveCfg = Debug|Win32
		{5E524D44-C5BF-336D-B812-E13DBC6B94B6}.Debug|Win32.Build.0 = Debug|Win32
		{5E524D44-C5BF-336D-B812-E13DBC6B94B6}.Debug|x64.ActiveCfg = Debug|Win32
		{5E524D44-C5BF-336D-B812-E13DBC6B94B6}.MinSizeRel|Win32.ActiveCfg = MinSizeRel|Win32
		{5E524D44-C5BF-336D-B812-E13DBC6B94B6}.MinSizeRel|Win32.Build.0 = MinSizeRel|Win32
		{5E524D44-C5BF-336D-B812-E13DBC6B94B6}.MinSizeRel|x64.ActiveCfg = MinSizeRel|Win32
		{5E524D44-C5BF-336D-B812-E13DBC6B94B6}.Release|Win32.ActiveCfg = Release|Win32
		{5E524D44-C5BF-336D-B812-E13DBC6B94B6}.Release|Win32.Build.0 = Release|Win32
		{5E524D44-C5BF-336D-B812-E13DBC6B94B6}.Release|x64.ActiveCfg = Release|Win32
		{5E524D44-C5BF-336D-B812-E13DBC6B94B6}.RelWithDebInfo|Win32.ActiveCfg = RelWithDebInfo|Win32
		{5E524D44-C5BF-336D-B812-E13DBC6B94B6}.RelWithDebInfo|Win32.Build.0 = RelWithDebInfo|Win32
		{5E524D44-C5BF-336D-B812-E13DBC6B94B6}.RelWithDebInfo|x64.ActiveCfg = RelWithDebInfo|Win32
		{1C9DD759-1582-3F76-91A7-E2E93ED3EDA7}.Debug|Win32.ActiveCfg = Debug|Win32
		{1C9DD759-1582-3F76-91A7-E2E93ED3EDA7}.Debug|Win32.Build.0 = Debug|Win32
		{1C9DD759-1582-3F76-91A7-E2E93ED3EDA7}.Debug|x64.ActiveCfg = Debug|Win32
		{1C9DD759-1582-3F76-91A7-E2E93ED3EDA7}.MinSizeRel|Win32.ActiveCfg = MinSizeRel|Win32
		{1C9DD759-1582-3F76-91A7-E2E93ED3EDA7}.MinSizeRel|Win32.Build.0 = MinSizeRel|Win32
		{1C9DD759-1582-3F76-91A7-E2E93ED3EDA7}.MinSizeRel|x64.ActiveCfg = MinSizeRel|Win32
		{1C9DD759-1582-3F76-91A7-E2E93ED3EDA7}.Release|Win32.ActiveCfg = Release|Win32
		{1C9DD759-1582-3F76-91A7-E2E93ED3EDA7}.Release|Win32.Build.0 = Release|Win32
		{1C9DD759-1582-3F76-91A7-E2E93ED3EDA7}.Release|x64.ActiveCfg = Release|Win32
		{1C9DD759-1582-3F76-91A7-E2E93ED3EDA7}.RelWithDebInfo|Win32.ActiveCfg = RelWithDebInfo|Win32
		{1C9DD759-1582-3F76-91A7-E2E93ED3EDA7}.RelWithDebInfo|Win32.Build.0 = RelWithDebInfo|Win32
		{1C9DD759-1582-3F76-91A7-E2E93ED3EDA7}.RelWithDebInfo|x64.ActiveCfg = RelWithDebInfo|Win32
		{F998D6CB-C9D6-3B52-85BF-503E8965DD7E}.Debug|Win32.ActiveCfg = Debug|Win32
		{F998D6CB-C9D6-3B52-85BF-503E8965DD7E}.Debug|Win32.Build.0 = Debug|Win32
		{F998D6CB-C9D6-3B52-85BF-503E8965DD7E}.Debug|x64.ActiveCfg = Debug|Win32
		{F998D6CB-C9D6-3B52-85BF-503E8965DD7E}.MinSizeRel|Win32.ActiveCfg = MinSizeRel|Win32
		{F998D6CB-C9D6-3B52-85BF-503E8965DD7E}.MinSizeRel|Win32.Build.0 = MinSizeRel|Win32
		{F998D6CB-C9D6-3B52-85BF-503E8965DD7E}.MinSizeRel|x64.ActiveCfg = MinSizeRel|Win32
		{F998D6CB-C9D6-3B52-85BF-503E8965DD7E}.Release|Win32.ActiveCfg = Release|Win32
		{F998D6CB-C9D6-3B52-85BF-503E8965DD7E}.Release|Win32.Build.0 = Release|Win32
		{F998D6CB-C9D6-3B52-85BF-503E8965DD7E}.Release|x64.ActiveCfg = Release|Win32
		{F998D6CB-C9D6-3B52-85BF-503E8965DD7E}.RelWithDebInfo|Win32.ActiveCfg = RelWithDebInfo|Win32
		{F998D6CB-C9D6-3B52-85BF-503E8965DD7E}.RelWithDebInfo|Win32.Build.0 = RelWithDebInfo|Win32
		{F998D6CB-C9D6-3B52-85BF-503E8965DD7E}.RelWithDebInfo|x64.ActiveCfg = RelWithDebInfo|Win32
		{922B451B-BAFA-3F9B-803B-54138CE39381}.Debug|Win32.ActiveCfg = Debug|Win32
		{922B451B-BAFA-3F9B-803B-54138CE39381}.Debug|Win32.Build.0 = Debug|Win32
		{922B451B-BAFA-3F9B-803B-54138CE39381}.Debug|x64.ActiveCfg = Debug|Win32
		{922B451B-BAFA-3F9B-803B-54138CE39381}.MinSizeRel|Win32.ActiveCfg = MinSizeRel|Win32
		{922B451B-BAFA-3F9B-803B-54138CE39381}.MinSizeRel|Win32.Build.0 = MinSizeRel|Win32
		{922B451B-BAFA-3F9B-803B-54138CE39381}.MinSizeRel|x64.ActiveCfg = MinSizeRel|Win32
		{922B451B-BAFA-3F9B-803B-54138CE39381}.Release|Win32.ActiveCfg = Release|Win32
		{922B451B-BAFA-3F9B-803B-54138CE39381}.Release|Win32.Build.0 = Release|Win32
		{922B451B-BAFA-3F9B-803B-54138CE39381}.Release|x64.ActiveCfg = Release|Win32
		{922B451B-BAFA-3F9B-803B-54138CE39381}.RelWithDebInfo|Win32.ActiveCfg = RelWithDebInfo|Win32
		{922B451B-BAFA-3F9B-803B-54138CE39381}.RelWithDebInfo|Win32.Build.0 = RelWithDebInfo|Win32
		{922B451B-BAFA-3F9B-803B-54138CE39381}.RelWithDebInfo|x64.ActiveCfg = RelWithDebInfo|Win32
		{D6297D20-59AF-3E27-83CC-DE1EA62B27CE}.Debug|Win32.ActiveCfg = Debug|Win32
		{D6297D20-59AF-3E27-83CC-DE1EA62B27CE}.Debug|Win32.Build.0 = Debug|Win32
		{D6297D20-59AF-3E27-83CC-DE1EA62B27CE}.Debug|x64.ActiveCfg = Debug|Win32
		{D6297D20-59AF-3E27-83CC-DE1EA62B27CE}.MinSizeRel|Win32.ActiveCfg = MinSizeRel|Win32
		{D6297D20-59AF-3E27-83CC-DE1EA62B27CE}.MinSizeRel|Win32.Build.0 = MinSizeRel|Win32
		{D6297D20-59AF-3E27-83CC-DE1EA62B27CE}.MinSizeRel|x64.ActiveCfg = MinSizeRel|Win32
		{D6297D20-59AF-3E27-83CC-DE1EA62B27CE}.Release|Win32.ActiveCfg = Release|Win32
		{D6297D20-59AF-3E27-83CC-DE1EA62B27CE}.Release|Win32.Build.0 = Release|Win32
		{D6297D20-59AF-3E27-83CC-DE1EA62B27CE}.Release|x64.ActiveCfg = Release|Win32
		{D6297D20-59AF-3E27-83CC-DE1EA62B27CE}.RelWithDebInfo|Win32.ActiveCfg = RelWithDebInfo|Win32
		{D6297D20-59AF-3E27-83CC-DE1EA62B27CE}.RelWithDebInfo|Win32.Build.0 = RelWithDebInfo|Win32
		{D6297D20-59AF-3E27-83CC-DE1EA62B27CE}.RelWithDebInfo|x64.ActiveCfg = RelWithDebInfo|Win32
		{F85883CC-3DE4-3DA8-8A67-735428E10BF4}.Debug|Win32.ActiveCfg = Debug|Win32
		{F85883CC-3DE4-3DA8-8A67-735428E10BF4}.Debug|x64.ActiveCfg = Debug|Win32
		{F85883CC-3DE4-3DA8-8A67-735428E10BF4}.MinSizeRel|Win32.ActiveCfg = MinSizeRel|Win32
		{F85883CC-3DE4-3DA8-8A67-735428E10BF4}.MinSizeRel|x64.ActiveCfg = MinSizeRel|Win32
		{F85883CC-3DE4-3DA8-8A67-735428E10BF4}.Release|Win32.ActiveCfg = Release|Win32
		{F85883CC-3DE4-3DA8-8A67-735428E10BF4}.Release|x64.ActiveCfg = Release|Win32
		{F85883CC-3DE4-3DA8-8A67-735428E10BF4}.RelWithDebInfo|Win32.ActiveCfg = RelWithDebInfo|Win32
		{F85883CC-3DE4-3DA8-8A67-735428E10BF4}.RelWithDebInfo|x64.ActiveCfg = RelWithDebInfo|Win32
		{04AA7FE2-B767-3EE0-9607-97CE5A999562}.Debug|Win32.ActiveCfg = Debug|Win32
		{04AA7FE2-B767-3EE0-9607-97CE5A999562}.Debug|Win32.Build.0 = Debug|Win32
		{04AA7FE2-B767-3EE0-9607-97CE5A999562}.Debug|x64.ActiveCfg = Debug|Win32
		{04AA7FE2-B767-3EE0-9607-97CE5A999562}.MinSizeRel|Win32.ActiveCfg = MinSizeRel|Win32
		{04AA7FE2-B767-3EE0-9607-97CE5A999562}.MinSizeRel|Win32.Build.0 = MinSizeRel|Win32
		{04AA7FE2-B767-3EE0-9607-97CE5A999562}.MinSizeRel|x64.ActiveCfg = MinSizeRel|Win32
		{04AA7FE2-B767-3EE0-9607-97CE5A999562}.Release|Win32.ActiveCfg = Release|Win32
		{04AA7FE2-B767-3EE0-9607-97CE5A999562}.Release|Win32.Build.0 = Release|Win32
		{04AA7FE2-B767-3EE0-9607-97CE5A999562}.Release|x64.ActiveCfg = Release|Win32
		{04AA7FE2-B767-3EE0-9607-97CE5A999562}.RelWithDebInfo|Win32.ActiveCfg = RelWithDebInfo|Win32
		{04AA7FE2-B767-3EE0-9607-97CE5A999562}.RelWithDebInfo|Win32.Build.0 = RelWithDebInfo|Win32
		{04AA7FE2-B767-3EE0-9607-97CE5A999562}.RelWithDebInfo|x64.ActiveCfg = RelWithDebInfo|Win32
		{8EF7FEFB-B31C-3709-B1A3-1FCAB22D3D51}.Debug|Win32.ActiveCfg = Debug|Win32
		{8EF7FEFB-B31C-3709-B1A3-1FCAB22D3D51}.Debug|Win32.Build.0 = Debug|Win32
		{8EF7FEFB-B31C-3709-B1A3-1FCAB22D3D51}.Debug|x64.ActiveCfg = Debug|Win32
		{8EF7FEFB-B31C-3709-B1A3-1FCAB22D3D51}.MinSizeRel|Win32.ActiveCfg = MinSizeRel|Win32
		{8EF7FEFB-B31C-3709-B1A3-1FCAB22D3D51}.MinSizeRel|Win32.Build.0 = MinSizeRel|Win32
		{8EF7FEFB-B31C-3709-B1A3-1FCAB22D3D51}.MinSizeRel|x64.ActiveCfg = MinSizeRel|Win32
		{8EF7FEFB-B31C-3709-B1A3-1FCAB22D3D51}.Release|Win32.ActiveCfg = Release|Win32
		{8EF7FEFB-B31C-3709-B1A3-1FCAB22D3D51}.Release|Win32.Build.0 = Release|Win32
		{8EF7FEFB-B31C-3709-B1A3-1FCAB22D3D51}.Release|x64.ActiveCfg = Release|Win32
		{8EF7FEFB-B31C-3709-B1A3-1FCAB22D3D51}.RelWithDebInfo|Win32.ActiveCfg = RelWithDebInfo|Win32
		{8EF7FEFB-B31C-3709-B1A3-1FCAB22D3D51}.RelWithDebInfo|Win32.Build.0 = RelWithDebInfo|Win32
		{8EF7FEFB-B31C-3709-B1A3-1FCAB22D3D51}.RelWithDebInfo|x64.ActiveCfg = RelWithDebInfo|Win32
		{6BE9891D-D655-30ED-9EB9-B9BA3C219DDF}.Debug|Win32.ActiveCfg = Debug|Win32
		{6BE9891D-D655-30ED-9EB9-B9BA3C219DDF}.Debug|Win32.Build.0 = Debug|Win32
		{6BE9891D-D655-30ED-9EB9-B9BA3C219DDF}.Debug|x64.ActiveCfg = Debug|Win32
		{6BE9891D-D655-30ED-9EB9-B9BA3C219DDF}.MinSizeRel|Win32.ActiveCfg = MinSizeRel|Win32
		{6BE9891D-D655-30ED-9EB9-B9BA3C219DDF}.MinSizeRel|Win32.Build.0 = MinSizeRel|Win32
		{6BE9891D-D655-30ED-9EB9-B9BA3C219DDF}.MinSizeRel|x64.ActiveCfg = MinSizeRel|Win32
		{6BE9891D-D655-30ED-9EB9-B9BA3C219DDF}.Release|Win32.ActiveCfg = Release|Win32
		{6BE9891D-D655-30ED-9EB9-B9BA3C219DDF}.Release|Win32.Build.0 = Release|Win32
		{6BE9891D-D655-30ED-9EB9-B9BA3C219DDF}.Release|x64.ActiveCfg = Release|Win32
		{6BE9891D-D655-30ED-9EB9-B9BA3C219DDF}.RelWithDebInfo|Win32.ActiveCfg = RelWithDebInfo|Win32
		{6BE9891D-D655-30ED-9EB9-B9BA3C219DDF}.RelWithDebInfo|Win32.Build.0 = RelWithDebInfo|Win32
		{6BE9891D-D655-30ED-9EB9-B9BA3C219DDF}.RelWithDebInfo|x64.ActiveCfg = RelWithDebInfo|Win32
		{25A5C8EB-A739-30EA-AE01-4DDC56266398}.Debug|Win32.ActiveCfg = Debug|Win32
		{25A5C8EB-A739-30EA-AE01-4DDC56266398}.Debug|Win32.Build.0 = Debug|Win32
		{25A5C8EB-A739-30EA-AE01-4DDC56266398}.Debug|x64.ActiveCfg = Debug|Win32
		{25A5C8EB-A739-30EA-AE01-4DDC56266398}.MinSizeRel|Win32.ActiveCfg = MinSizeRel|Win32
		{25A5C8EB-A739-30EA-AE01-4DDC56266398}.MinSizeRel|Win32.Build.0 = MinSizeRel|Win32
		{25A5C8EB-A739-30EA-AE01-4DDC56266398}.MinSizeRel|x64.ActiveCfg = MinSizeRel|Win32
		{25A5C8EB-A739-30EA-AE01-4DDC56266398}.Release|Win32.ActiveCfg = Release|Win32
		{25A5C8EB-A739-30EA-AE01-4DDC56266398}.Release|Win32.Build.0 = Release|Win32
		{25A5C8EB-A739-30EA-AE01-4DDC56266398}.Release|x64.ActiveCfg = Release|Win32
		{25A5C8EB-A739-30EA-AE01-4DDC56266398}.RelWithDebInfo|Win32.ActiveCfg = RelWithDebInfo|Win32
		{25A5C8EB-A739-30EA-AE01-4DDC56266398}.RelWithDebInfo|Win32.Build.0 = RelWithDebInfo|Win32
		{25A5C8EB-A739-30EA-AE01-4DDC56266398}.RelWithDebInfo|x64.ActiveCfg = RelWithDebInfo|Win32
		{7BFCA077-2FEF-34D5-8A79-1F8F4D3022E4}.Debug|Win32.ActiveCfg = Debug|Win32
		{7BFCA077-2FEF-34D5-8A79-1F8F4D3022E4}.Debug|Win32.Build.0 = Debug|Win32
		{7BFCA077-2FEF-34D5-8A79-1F8F4D3022E4}.Debug|x64.ActiveCfg = Debug|Win32
		{7BFCA077-2FEF-34D5-8A79-1F8F4D3022E4}.MinSizeRel|Win32.ActiveCfg = MinSizeRel|Win32
		{7BFCA077-2FEF-34D5-8A79-1F8F4D3022E4}.MinSizeRel|Win32.Build.0 = MinSizeRel|Win32
		{7BFCA077-2FEF-34D5-8A79-1F8F4D3022E4}.MinSizeRel|x64.ActiveCfg = MinSizeRel|Win32
		{7BFCA077-2FEF-34D5-8A79-1F8F4D3022E4}.Release|Win32.ActiveCfg = Release|Win32
		{7BFCA077-2FEF-34D5-8A79-1F8F4D3022E4}.Release|Win32.Build.0 = Release|Win32
		{7BFCA077-2FEF-34D5-8A79-1F8F4D3022E4}.Release|x64.ActiveCfg = Release|Win32
		{7BFCA077-2FEF-34D5-8A79-1F8F4D3022E4}.RelWithDebInfo|Win32.ActiveCfg = RelWithDebInfo|Win32
		{7BFCA077-2FEF-34D5-8A79-1F8F4D3022E4}.RelWithDebInfo|Win32.Build.0 = RelWithDebInfo|Win32
		{7BFCA077-2FEF-34D5-8A79-1F8F4D3022E4}.RelWithDebInfo|x64.ActiveCfg = RelWithDebInfo|Win32
		{5A72CAB6-2338-4984-9FE5-AED77A2824F8}.Debug|Win32.ActiveCfg = Debug|Win32
		{5A72CAB6-2338-4984-9FE5-AED77A2824F8}.Debug|Win32.Build.0 = Debug|Win32
		{5A72CAB6-2338-4984-9FE5-AED77A2824F8}.Debug|x64.ActiveCfg = Debug|x64
		{5A72CAB6-2338-4984-9FE5-AED77A2824F8}.Debug|x64.Build.0 = Debug|x64
		{5A72CAB6-2338-4984-9FE5-AED77A2824F8}.MinSizeRel|Win32.ActiveCfg = Release|Win32
		{5A72CAB6-2338-4984-9FE5-AED77A2824F8}.MinSizeRel|Win32.Build.0 = Release|Win32
		{5A72CAB6-2338-4984-9FE5-AED77A2824F8}.MinSizeRel|x64.ActiveCfg = Release|x64
		{5A72CAB6-2338-4984-9FE5-AED77A2824F8}.MinSizeRel|x64.Build.0 = Release|x64
		{5A72CAB6-2338-4984-9FE5-AED77A2824F8}.Release|Win32.ActiveCfg = Release|Win32
		{5A72CAB6-2338-4984-9FE5-AED77A2824F8}.Release|Win32.Build.0 = Release|Win32
		{5A72CAB6-2338-4984-9FE5-AED77A2824F8}.Release|x64.ActiveCfg = Release|x64
		{5A72CAB6-2338-4984-9FE5-AED77A2824F8}.Release|x64.Build.0 = Release|x64
		{5A72CAB6-2338-4984-9FE5-AED77A2824F8}.RelWithDebInfo|Win32.ActiveCfg = Release|Win32
		{5A72CAB6-2338-4984-9FE5-AED77A2824F8}.RelWithDebInfo|Win32.Build.0 = Release|Win32
		{5A72CAB6-2338-4984-9FE5-AED77A2824F8}.RelWithDebInfo|x64.ActiveCfg = Release|x64
		{5A72CAB6-2338-4984-9FE5-AED77A2824F8}.RelWithDebInfo|x64.Build.0 = Release|x64
		{BB0FB695-74B7-473B-B034-68F9FF0F3ED0}.Debug|Win32.ActiveCfg = Debug|Win32
		{BB0FB695-74B7-473B-B034-68F9FF0F3ED0}.Debug|Win32.Build.0 = Debug|Win32
		{BB0FB695-74B7-473B-B034-68F9FF0F3ED0}.Debug|x64.ActiveCfg = Debug|x64
		{BB0FB695-74B7-473B-B034-68F9FF0F3ED0}.Debug|x64.Build.0 = Debug|x64
		{BB0FB695-74B7-473B-B034-68F9FF0F3ED0}.MinSizeRel|Win32.ActiveCfg = Release|Win32
		{BB0FB695-74B7-473B-B034-68F9FF0F3ED0}.MinSizeRel|Win32.Build.0 = Release|Win32
		{BB0FB695-74B7-473B-B034-68F9FF0F3ED0}.MinSizeRel|x64.ActiveCfg = Release|x64
		{BB0FB695-74B7-473B-B034-68F9FF0F3ED0}.MinSizeRel|x64.Build.0 = Release|x64
		{BB0FB695-74B7-473B-B034-68F9FF0F3ED0}.Release|Win32.ActiveCfg = Release|Win32
		{BB0FB695-74B7-473B-B034-68F9FF0F3ED0}.Release|Win32.Build.0 = Release|Win32
		{BB0FB695-74B7-473B-B034-68F9FF0F3ED0}.Release|x64.ActiveCfg = Release|x64
		{BB0FB695-74B7-473B-B034-68F9FF0F3ED0}.Release|x64.Build.0 = Release|x64
		{BB0FB695-74B7-473B-B034-68F9FF0F3ED0}.RelWithDebInfo|Win32.ActiveCfg = Release|Win32
		{BB0FB695-74B7-473B-B034-68F9FF0F3ED0}.RelWithDebInfo|Win32.Build.0 = Release|Win32
		{BB0FB695-74B7-473B-B034-68F9FF0F3ED0}.RelWithDebInfo|x64.ActiveCfg = Release|x64
		{BB0FB695-74B7-473B-B034-68F9FF0F3ED0}.RelWithDebInfo|x64.Build.0 = Release|x64
		{05071389-F9F3-4C44-B155-A15E43CA3FFD}.Debug|Win32.ActiveCfg = Debug|Win32
		{05071389-F9F3-4C44-B155-A15E43CA3FFD}.Debug|Win32.Build.0 = Debug|Win32
		{05071389-F9F3-4C44-B155-A15E43CA3FFD}.Debug|x64.ActiveCfg = Debug|x64
		{05071389-F9F3-4C44-B155-A15E43CA3FFD}.Debug|x64.Build.0 = Debug|x64
		{05071389-F9F3-4C44-B155-A15E43CA3FFD}.MinSizeRel|Win32.ActiveCfg = Release|Win32
		{05071389-F9F3-4C44-B155-A15E43CA3FFD}.MinSizeRel|Win32.Build.0 = Release|Win32
		{05071389-F9F3-4C44-B155-A15E43CA3FFD}.MinSizeRel|x64.ActiveCfg = Release|x64
		{05071389-F9F3-4C44-B155-A15E43CA3FFD}.MinSizeRel|x64.Build.0 = Release|x64
		{05071389-F9F3-4C44-B155-A15E43CA3FFD}.Release|Win32.ActiveCfg = Release|Win32
		{05071389-F9F3-4C44-B155-A15E43CA3FFD}.Release|Win32.Build.0 = Release|Win32
		{05071389-F9F3-4C44-B155-A15E43CA3FFD}.Release|x64.ActiveCfg = Release|x64
		{05071389-F9F3-4C44-B155-A15E43CA3FFD}.Release|x64.Build.0 = Release|x64
		{05071389-F9F3-4C44-B155-A15E43CA3FFD}.RelWithDebInfo|Win32.ActiveCfg = Release|Win32
		{05071389-F9F3-4C44-B155-A15E43CA3FFD}.RelWithDebInfo|Win32.Build.0 = Release|Win32
		{05071389-F9F3-4C44-B155-A15E43CA3FFD}.RelWithDebInfo|x64.ActiveCfg = Release|x64
		{05071389-F9F3-4C44-B155-A15E43CA3FFD}.RelWithDebInfo|x64.Build.0 = Release|x64
		{363DCB11-CFEF-4E12-BE70-CE3C2D695ECA}.Debug|Win32.ActiveCfg = Debug|Win32
		{363DCB11-CFEF-4E12-BE70-CE3C2D695ECA}.Debug|Win32.Build.0 = Debug|Win32
		{363DCB11-CFEF-4E12-BE70-CE3C2D695ECA}.Debug|x64.ActiveCfg = Debug|x64
		{363DCB11-CFEF-4E12-BE70-CE3C2D695ECA}.Debug|x64.Build.0 = Debug|x64
		{363DCB11-CFEF-4E12-BE70-CE3C2D695ECA}.MinSizeRel|Win32.ActiveCfg = Release|Win32
		{363DCB11-CFEF-4E12-BE70-CE3C2D695ECA}.MinSizeRel|Win32.Build.0 = Release|Win32
		{363DCB11-CFEF-4E12-BE70-CE3C2D695ECA}.MinSizeRel|x64.ActiveCfg = Release|x64
		{363DCB11-CFEF-4E12-BE70-CE3C2D695ECA}.MinSizeRel|x64.Build.0 = Release|x64
		{363DCB11-CFEF-4E12-BE70-CE3C2D695ECA}.Release|Win32.ActiveCfg = Release|Win32
		{363DCB11-CFEF-4E12-BE70-CE3C2D695ECA}.Release|Win32.Build.0 = Release|Win32
		{363DCB11-CFEF-4E12-BE70-CE3C2D695ECA}.Release|x64.ActiveCfg = Release|x64
		{363DCB11-CFEF-4E12-BE70-CE3C2D695ECA}.Release|x64.Build.0 = Release|x64
		{363DCB11-CFEF-4E12-BE70-CE3C2D695ECA}.RelWithDebInfo|Win32.ActiveCfg = Release|Win32
		{363DCB11-CFEF-4E12-BE70-CE3C2D695ECA}.RelWithDebInfo|Win32.Build.0 = Release|Win32
		{363DCB11-CFEF-4E12-BE70-CE3C2D695ECA}.RelWithDebInfo|x64.ActiveCfg = Release|x64
		{363DCB11-CFEF-4E12-BE70-CE3C2D695ECA}.RelWithDebInfo|x64.Build.0 = Release|x64
	EndGlobalSection
	GlobalSection(SolutionProperties) = preSolution
		HideSolutionNode = FALSE
	EndGlobalSection
	GlobalSection(ExtensibilityGlobals) = postSolution
		SolutionGuid = {7C828009-CA58-3FF8-A565-EE3F72B20006}
	EndGlobalSection
EndGlobal
